
Microsoft Visual Studio Solution File, Format Version 12.00
# Visual Studio Version 17
VisualStudioVersion = 17.5.33516.290
MinimumVisualStudioVersion = 10.0.40219.1
Project("{9A19103F-16F7-4668-BE54-9A1E7A4F7556}") = "LibraryApp", "LibraryApp\LibraryApp.csproj", "{D5C9A7D2-711D-407E-B3F0-8D3C0BEED22E}"
EndProject
Project("{E53339B2-1760-4266-BCC7-CA923CBCF16C}") = "docker-compose", "docker-compose.dcproj", "{2B8B2319-615A-464D-A8AA-A0FD06BBC0F5}"
EndProject
Global
	GlobalSection(SolutionConfigurationPlatforms) = preSolution
		Debug|Any CPU = Debug|Any CPU
		Release|Any CPU = Release|Any CPU
	EndGlobalSection
	GlobalSection(ProjectConfigurationPlatforms) = postSolution
		{D5C9A7D2-711D-407E-B3F0-8D3C0BEED22E}.Debug|Any CPU.ActiveCfg = Debug|Any CPU
		{D5C9A7D2-711D-407E-B3F0-8D3C0BEED22E}.Debug|Any CPU.Build.0 = Debug|Any CPU
		{D5C9A7D2-711D-407E-B3F0-8D3C0BEED22E}.Release|Any CPU.ActiveCfg = Release|Any CPU
		{D5C9A7D2-711D-407E-B3F0-8D3C0BEED22E}.Release|Any CPU.Build.0 = Release|Any CPU
		{2B8B2319-615A-464D-A8AA-A0FD06BBC0F5}.Debug|Any CPU.ActiveCfg = Debug|Any CPU
		{2B8B2319-615A-464D-A8AA-A0FD06BBC0F5}.Debug|Any CPU.Build.0 = Debug|Any CPU
		{2B8B2319-615A-464D-A8AA-A0FD06BBC0F5}.Release|Any CPU.ActiveCfg = Release|Any CPU
		{2B8B2319-615A-464D-A8AA-A0FD06BBC0F5}.Release|Any CPU.Build.0 = Release|Any CPU
	EndGlobalSection
	GlobalSection(SolutionProperties) = preSolution
		HideSolutionNode = FALSE
	EndGlobalSection
	GlobalSection(ExtensibilityGlobals) = postSolution
		SolutionGuid = {8A3B269F-6378-45A1-9683-EE54BA60E5ED}
	EndGlobalSection
EndGlobal
